
Microsoft Visual Studio Solution File, Format Version 12.00
# Visual Studio Version 16
VisualStudioVersion = 16.0.29926.136
MinimumVisualStudioVersion = 10.0.40219.1
Project("{FAE04EC0-301F-11D3-BF4B-00C04F79EFBC}") = "khwkit-tools", "khwkit-tools\khwkit-tools.csproj", "{EC3C6B7F-C4A0-4EC0-8C73-ADE975A90770}"
EndProject
Global
	GlobalSection(SolutionConfigurationPlatforms) = preSolution
		Debug|Any CPU = Debug|Any CPU
		Release|Any CPU = Release|Any CPU
	EndGlobalSection
	GlobalSection(ProjectConfigurationPlatforms) = postSolution
		{EC3C6B7F-C4A0-4EC0-8C73-ADE975A90770}.Debug|Any CPU.ActiveCfg = Debug|Any CPU
		{EC3C6B7F-C4A0-4EC0-8C73-ADE975A90770}.Debug|Any CPU.Build.0 = Debug|Any CPU
		{EC3C6B7F-C4A0-4EC0-8C73-ADE975A90770}.Release|Any CPU.ActiveCfg = Release|Any CPU
		{EC3C6B7F-C4A0-4EC0-8C73-ADE975A90770}.Release|Any CPU.Build.0 = Release|Any CPU
	EndGlobalSection
	GlobalSection(SolutionProperties) = preSolution
		HideSolutionNode = FALSE
	EndGlobalSection
	GlobalSection(ExtensibilityGlobals) = postSolution
		SolutionGuid = {7FFB563A-DF9F-4FAF-A12C-C8213D95AFF0}
	EndGlobalSection
EndGlobal
